// !$*UTF8*$!
{
	archiveVersion = 1;
	classes = {
	};
	objectVersion = 56;
	objects = {

/* Begin PBXBuildFile section */
		846F8FED2A5935C400A0A39B /* ToDoListApp.swift in Sources */ = {isa = PBXBuildFile; fileRef = 846F8FEC2A5935C400A0A39B /* ToDoListApp.swift */; };
		846F8FEF2A5935C400A0A39B /* ContentView.swift in Sources */ = {isa = PBXBuildFile; fileRef = 846F8FEE2A5935C400A0A39B /* ContentView.swift */; };
		846F8FF12A5935C700A0A39B /* Assets.xcassets in Resources */ = {isa = PBXBuildFile; fileRef = 846F8FF02A5935C700A0A39B /* Assets.xcassets */; };
		846F8FF42A5935C700A0A39B /* Preview Assets.xcassets in Resources */ = {isa = PBXBuildFile; fileRef = 846F8FF32A5935C700A0A39B /* Preview Assets.xcassets */; };
		846F8FFE2A5935C800A0A39B /* ToDoListTests.swift in Sources */ = {isa = PBXBuildFile; fileRef = 846F8FFD2A5935C800A0A39B /* ToDoListTests.swift */; };
		846F90082A5935C800A0A39B /* ToDoListUITests.swift in Sources */ = {isa = PBXBuildFile; fileRef = 846F90072A5935C800A0A39B /* ToDoListUITests.swift */; };
		846F900A2A5935C800A0A39B /* ToDoListUITestsLaunchTests.swift in Sources */ = {isa = PBXBuildFile; fileRef = 846F90092A5935C800A0A39B /* ToDoListUITestsLaunchTests.swift */; };
		846F904E2A593E7500A0A39B /* FirebaseAuth in Frameworks */ = {isa = PBXBuildFile; productRef = 846F904D2A593E7500A0A39B /* FirebaseAuth */; };
		846F90502A593E7500A0A39B /* FirebaseFirestore in Frameworks */ = {isa = PBXBuildFile; productRef = 846F904F2A593E7500A0A39B /* FirebaseFirestore */; };
		846F90522A593E7500A0A39B /* FirebaseFirestoreSwift in Frameworks */ = {isa = PBXBuildFile; productRef = 846F90512A593E7500A0A39B /* FirebaseFirestoreSwift */; };
		84D79D022A5941A300663E84 /* GoogleService-Info.plist in Resources */ = {isa = PBXBuildFile; fileRef = 84D79D012A5941A300663E84 /* GoogleService-Info.plist */; };
/* End PBXBuildFile section */

/* Begin PBXContainerItemProxy section */
		846F8FFA2A5935C800A0A39B /* PBXContainerItemProxy */ = {
			isa = PBXContainerItemProxy;
			containerPortal = 846F8FE12A5935C300A0A39B /* Project object */;
			proxyType = 1;
			remoteGlobalIDString = 846F8FE82A5935C400A0A39B;
			remoteInfo = ToDoList;
		};
		846F90042A5935C800A0A39B /* PBXContainerItemProxy */ = {
			isa = PBXContainerItemProxy;
			containerPortal = 846F8FE12A5935C300A0A39B /* Project object */;
			proxyType = 1;
			remoteGlobalIDString = 846F8FE82A5935C400A0A39B;
			remoteInfo = ToDoList;
		};
/* End PBXContainerItemProxy section */

/* Begin PBXFileReference section */
		846F8FE92A5935C400A0A39B /* ToDoList.app */ = {isa = PBXFileReference; explicitFileType = wrapper.application; includeInIndex = 0; path = ToDoList.app; sourceTree = BUILT_PRODUCTS_DIR; };
		846F8FEC2A5935C400A0A39B /* ToDoListApp.swift */ = {isa = PBXFileReference; lastKnownFileType = sourcecode.swift; path = ToDoListApp.swift; sourceTree = "<group>"; };
		846F8FEE2A5935C400A0A39B /* ContentView.swift */ = {isa = PBXFileReference; lastKnownFileType = sourcecode.swift; path = ContentView.swift; sourceTree = "<group>"; };
		846F8FF02A5935C700A0A39B /* Assets.xcassets */ = {isa = PBXFileReference; lastKnownFileType = folder.assetcatalog; path = Assets.xcassets; sourceTree = "<group>"; };
		846F8FF32A5935C700A0A39B /* Preview Assets.xcassets */ = {isa = PBXFileReference; lastKnownFileType = folder.assetcatalog; path = "Preview Assets.xcassets"; sourceTree = "<group>"; };
		846F8FF92A5935C800A0A39B /* ToDoListTests.xctest */ = {isa = PBXFileReference; explicitFileType = wrapper.cfbundle; includeInIndex = 0; path = ToDoListTests.xctest; sourceTree = BUILT_PRODUCTS_DIR; };
		846F8FFD2A5935C800A0A39B /* ToDoListTests.swift */ = {isa = PBXFileReference; lastKnownFileType = sourcecode.swift; path = ToDoListTests.swift; sourceTree = "<group>"; };
		846F90032A5935C800A0A39B /* ToDoListUITests.xctest */ = {isa = PBXFileReference; explicitFileType = wrapper.cfbundle; includeInIndex = 0; path = ToDoListUITests.xctest; sourceTree = BUILT_PRODUCTS_DIR; };
		846F90072A5935C800A0A39B /* ToDoListUITests.swift */ = {isa = PBXFileReference; lastKnownFileType = sourcecode.swift; path = ToDoListUITests.swift; sourceTree = "<group>"; };
		846F90092A5935C800A0A39B /* ToDoListUITestsLaunchTests.swift */ = {isa = PBXFileReference; lastKnownFileType = sourcecode.swift; path = ToDoListUITestsLaunchTests.swift; sourceTree = "<group>"; };
		84D79D012A5941A300663E84 /* GoogleService-Info.plist */ = {isa = PBXFileReference; lastKnownFileType = text.plist; path = "GoogleService-Info.plist"; sourceTree = SOURCE_ROOT; };
/* End PBXFileReference section */

/* Begin PBXFrameworksBuildPhase section */
		846F8FE62A5935C400A0A39B /* Frameworks */ = {
			isa = PBXFrameworksBuildPhase;
			buildActionMask = 2147483647;
			files = (
				846F904E2A593E7500A0A39B /* FirebaseAuth in Frameworks */,
				846F90502A593E7500A0A39B /* FirebaseFirestore in Frameworks */,
				846F90522A593E7500A0A39B /* FirebaseFirestoreSwift in Frameworks */,
			);
			runOnlyForDeploymentPostprocessing = 0;
		};
		846F8FF62A5935C800A0A39B /* Frameworks */ = {
			isa = PBXFrameworksBuildPhase;
			buildActionMask = 2147483647;
			files = (
			);
			runOnlyForDeploymentPostprocessing = 0;
		};
		846F90002A5935C800A0A39B /* Frameworks */ = {
			isa = PBXFrameworksBuildPhase;
			buildActionMask = 2147483647;
			files = (
			);
			runOnlyForDeploymentPostprocessing = 0;
		};
/* End PBXFrameworksBuildPhase section */

/* Begin PBXGroup section */
		846F8FE02A5935C300A0A39B = {
			isa = PBXGroup;
			children = (
				846F8FEB2A5935C400A0A39B /* ToDoList */,
				846F8FFC2A5935C800A0A39B /* ToDoListTests */,
				846F90062A5935C800A0A39B /* ToDoListUITests */,
				846F8FEA2A5935C400A0A39B /* Products */,
			);
			sourceTree = "<group>";
		};
		846F8FEA2A5935C400A0A39B /* Products */ = {
			isa = PBXGroup;
			children = (
				846F8FE92A5935C400A0A39B /* ToDoList.app */,
				846F8FF92A5935C800A0A39B /* ToDoListTests.xctest */,
				846F90032A5935C800A0A39B /* ToDoListUITests.xctest */,
			);
			name = Products;
			sourceTree = "<group>";
		};
		846F8FEB2A5935C400A0A39B /* ToDoList */ = {
			isa = PBXGroup;
			children = (
				846F8FEC2A5935C400A0A39B /* ToDoListApp.swift */,
				846F8FEE2A5935C400A0A39B /* ContentView.swift */,
				84D79D012A5941A300663E84 /* GoogleService-Info.plist */,
				846F8FF02A5935C700A0A39B /* Assets.xcassets */,
				846F8FF22A5935C700A0A39B /* Preview Content */,
			);
			path = ToDoList;
			sourceTree = "<group>";
		};
		846F8FF22A5935C700A0A39B /* Preview Content */ = {
			isa = PBXGroup;
			children = (
				846F8FF32A5935C700A0A39B /* Preview Assets.xcassets */,
			);
			path = "Preview Content";
			sourceTree = "<group>";
		};
		846F8FFC2A5935C800A0A39B /* ToDoListTests */ = {
			isa = PBXGroup;
			children = (
				846F8FFD2A5935C800A0A39B /* ToDoListTests.swift */,
			);
			path = ToDoListTests;
			sourceTree = "<group>";
		};
		846F90062A5935C800A0A39B /* ToDoListUITests */ = {
			isa = PBXGroup;
			children = (
				846F90072A5935C800A0A39B /* ToDoListUITests.swift */,
				846F90092A5935C800A0A39B /* ToDoListUITestsLaunchTests.swift */,
			);
			path = ToDoListUITests;
			sourceTree = "<group>";
		};
/* End PBXGroup section */

/* Begin PBXNativeTarget section */
		846F8FE82A5935C400A0A39B /* ToDoList */ = {
			isa = PBXNativeTarget;
			buildConfigurationList = 846F900D2A5935C800A0A39B /* Build configuration list for PBXNativeTarget "ToDoList" */;
			buildPhases = (
				846F8FE52A5935C400A0A39B /* Sources */,
				846F8FE62A5935C400A0A39B /* Frameworks */,
				846F8FE72A5935C400A0A39B /* Resources */,
			);
			buildRules = (
			);
			dependencies = (
			);
			name = ToDoList;
			packageProductDependencies = (
				846F904D2A593E7500A0A39B /* FirebaseAuth */,
				846F904F2A593E7500A0A39B /* FirebaseFirestore */,
				846F90512A593E7500A0A39B /* FirebaseFirestoreSwift */,
			);
			productName = ToDoList;
			productReference = 846F8FE92A5935C400A0A39B /* ToDoList.app */;
			productType = "com.apple.product-type.application";
		};
		846F8FF82A5935C800A0A39B /* ToDoListTests */ = {
			isa = PBXNativeTarget;
			buildConfigurationList = 846F90102A5935C800A0A39B /* Build configuration list for PBXNativeTarget "ToDoListTests" */;
			buildPhases = (
				846F8FF52A5935C800A0A39B /* Sources */,
				846F8FF62A5935C800A0A39B /* Frameworks */,
				846F8FF72A5935C800A0A39B /* Resources */,
			);
			buildRules = (
			);
			dependencies = (
				846F8FFB2A5935C800A0A39B /* PBXTargetDependency */,
			);
			name = ToDoListTests;
			productName = ToDoListTests;
			productReference = 846F8FF92A5935C800A0A39B /* ToDoListTests.xctest */;
			productType = "com.apple.product-type.bundle.unit-test";
		};
		846F90022A5935C800A0A39B /* ToDoListUITests */ = {
			isa = PBXNativeTarget;
			buildConfigurationList = 846F90132A5935C800A0A39B /* Build configuration list for PBXNativeTarget "ToDoListUITests" */;
			buildPhases = (
				846F8FFF2A5935C800A0A39B /* Sources */,
				846F90002A5935C800A0A39B /* Frameworks */,
				846F90012A5935C800A0A39B /* Resources */,
			);
			buildRules = (
			);
			dependencies = (
				846F90052A5935C800A0A39B /* PBXTargetDependency */,
			);
			name = ToDoListUITests;
			productName = ToDoListUITests;
			productReference = 846F90032A5935C800A0A39B /* ToDoListUITests.xctest */;
			productType = "com.apple.product-type.bundle.ui-testing";
		};
/* End PBXNativeTarget section */

/* Begin PBXProject section */
		846F8FE12A5935C300A0A39B /* Project object */ = {
			isa = PBXProject;
			attributes = {
				BuildIndependentTargetsInParallel = 1;
				LastSwiftUpdateCheck = 1430;
				LastUpgradeCheck = 1430;
				TargetAttributes = {
					846F8FE82A5935C400A0A39B = {
						CreatedOnToolsVersion = 14.3.1;
					};
					846F8FF82A5935C800A0A39B = {
						CreatedOnToolsVersion = 14.3.1;
						TestTargetID = 846F8FE82A5935C400A0A39B;
					};
					846F90022A5935C800A0A39B = {
						CreatedOnToolsVersion = 14.3.1;
						TestTargetID = 846F8FE82A5935C400A0A39B;
					};
				};
			};
			buildConfigurationList = 846F8FE42A5935C300A0A39B /* Build configuration list for PBXProject "ToDoList" */;
			compatibilityVersion = "Xcode 14.0";
			developmentRegion = en;
			hasScannedForEncodings = 0;
			knownRegions = (
				en,
				Base,
			);
			mainGroup = 846F8FE02A5935C300A0A39B;
			packageReferences = (
				846F904C2A593E7500A0A39B /* XCRemoteSwiftPackageReference "firebase-ios-sdk" */,
			);
			productRefGroup = 846F8FEA2A5935C400A0A39B /* Products */;
			projectDirPath = "";
			projectRoot = "";
			targets = (
				846F8FE82A5935C400A0A39B /* ToDoList */,
				846F8FF82A5935C800A0A39B /* ToDoListTests */,
				846F90022A5935C800A0A39B /* ToDoListUITests */,
			);
		};
/* End PBXProject section */

/* Begin PBXResourcesBuildPhase section */
		846F8FE72A5935C400A0A39B /* Resources */ = {
			isa = PBXResourcesBuildPhase;
			buildActionMask = 2147483647;
			files = (
				846F8FF42A5935C700A0A39B /* Preview Assets.xcassets in Resources */,
				846F8FF12A5935C700A0A39B /* Assets.xcassets in Resources */,
				84D79D022A5941A300663E84 /* GoogleService-Info.plist in Resources */,
			);
			runOnlyForDeploymentPostprocessing = 0;
		};
		846F8FF72A5935C800A0A39B /* Resources */ = {
			isa = PBXResourcesBuildPhase;
			buildActionMask = 2147483647;
			files = (
			);
			runOnlyForDeploymentPostprocessing = 0;
		};
		846F90012A5935C800A0A39B /* Resources */ = {
			isa = PBXResourcesBuildPhase;
			buildActionMask = 2147483647;
			files = (
			);
			runOnlyForDeploymentPostprocessing = 0;
		};
/* End PBXResourcesBuildPhase section */

/* Begin PBXSourcesBuildPhase section */
		846F8FE52A5935C400A0A39B /* Sources */ = {
			isa = PBXSourcesBuildPhase;
			buildActionMask = 2147483647;
			files = (
				846F8FEF2A5935C400A0A39B /* ContentView.swift in Sources */,
				846F8FED2A5935C400A0A39B /* ToDoListApp.swift in Sources */,
			);
			runOnlyForDeploymentPostprocessing = 0;
		};
		846F8FF52A5935C800A0A39B /* Sources */ = {
			isa = PBXSourcesBuildPhase;
			buildActionMask = 2147483647;
			files = (
				846F8FFE2A5935C800A0A39B /* ToDoListTests.swift in Sources */,
			);
			runOnlyForDeploymentPostprocessing = 0;
		};
		846F8FFF2A5935C800A0A39B /* Sources */ = {
			isa = PBXSourcesBuildPhase;
			buildActionMask = 2147483647;
			files = (
				846F900A2A5935C800A0A39B /* ToDoListUITestsLaunchTests.swift in Sources */,
				846F90082A5935C800A0A39B /* ToDoListUITests.swift in Sources */,
			);
			runOnlyForDeploymentPostprocessing = 0;
		};
/* End PBXSourcesBuildPhase section */

/* Begin PBXTargetDependency section */
		846F8FFB2A5935C800A0A39B /* PBXTargetDependency */ = {
			isa = PBXTargetDependency;
			target = 846F8FE82A5935C400A0A39B /* ToDoList */;
			targetProxy = 846F8FFA2A5935C800A0A39B /* PBXContainerItemProxy */;
		};
		846F90052A5935C800A0A39B /* PBXTargetDependency */ = {
			isa = PBXTargetDependency;
			target = 846F8FE82A5935C400A0A39B /* ToDoList */;
			targetProxy = 846F90042A5935C800A0A39B /* PBXContainerItemProxy */;
		};
/* End PBXTargetDependency section */

/* Begin XCBuildConfiguration section */
		846F900B2A5935C800A0A39B /* Debug */ = {
			isa = XCBuildConfiguration;
			buildSettings = {
				ALWAYS_SEARCH_USER_PATHS = NO;
				CLANG_ANALYZER_NONNULL = YES;
				CLANG_ANALYZER_NUMBER_OBJECT_CONVERSION = YES_AGGRESSIVE;
				CLANG_CXX_LANGUAGE_STANDARD = "gnu++20";
				CLANG_ENABLE_MODULES = YES;
				CLANG_ENABLE_OBJC_ARC = YES;
				CLANG_ENABLE_OBJC_WEAK = YES;
				CLANG_WARN_BLOCK_CAPTURE_AUTORELEASING = YES;
				CLANG_WARN_BOOL_CONVERSION = YES;
				CLANG_WARN_COMMA = YES;
				CLANG_WARN_CONSTANT_CONVERSION = YES;
				CLANG_WARN_DEPRECATED_OBJC_IMPLEMENTATIONS = YES;
				CLANG_WARN_DIRECT_OBJC_ISA_USAGE = YES_ERROR;
				CLANG_WARN_DOCUMENTATION_COMMENTS = YES;
				CLANG_WARN_EMPTY_BODY = YES;
				CLANG_WARN_ENUM_CONVERSION = YES;
				CLANG_WARN_INFINITE_RECURSION = YES;
				CLANG_WARN_INT_CONVERSION = YES;
				CLANG_WARN_NON_LITERAL_NULL_CONVERSION = YES;
				CLANG_WARN_OBJC_IMPLICIT_RETAIN_SELF = YES;
				CLANG_WARN_OBJC_LITERAL_CONVERSION = YES;
				CLANG_WARN_OBJC_ROOT_CLASS = YES_ERROR;
				CLANG_WARN_QUOTED_INCLUDE_IN_FRAMEWORK_HEADER = YES;
				CLANG_WARN_RANGE_LOOP_ANALYSIS = YES;
				CLANG_WARN_STRICT_PROTOTYPES = YES;
				CLANG_WARN_SUSPICIOUS_MOVE = YES;
				CLANG_WARN_UNGUARDED_AVAILABILITY = YES_AGGRESSIVE;
				CLANG_WARN_UNREACHABLE_CODE = YES;
				CLANG_WARN__DUPLICATE_METHOD_MATCH = YES;
				COPY_PHASE_STRIP = NO;
				DEBUG_INFORMATION_FORMAT = dwarf;
				ENABLE_STRICT_OBJC_MSGSEND = YES;
				ENABLE_TESTABILITY = YES;
				GCC_C_LANGUAGE_STANDARD = gnu11;
				GCC_DYNAMIC_NO_PIC = NO;
				GCC_NO_COMMON_BLOCKS = YES;
				GCC_OPTIMIZATION_LEVEL = 0;
				GCC_PREPROCESSOR_DEFINITIONS = (
					"DEBUG=1",
					"$(inherited)",
				);
				GCC_WARN_64_TO_32_BIT_CONVERSION = YES;
				GCC_WARN_ABOUT_RETURN_TYPE = YES_ERROR;
				GCC_WARN_UNDECLARED_SELECTOR = YES;
				GCC_WARN_UNINITIALIZED_AUTOS = YES_AGGRESSIVE;
				GCC_WARN_UNUSED_FUNCTION = YES;
				GCC_WARN_UNUSED_VARIABLE = YES;
				IPHONEOS_DEPLOYMENT_TARGET = 16.4;
				MTL_ENABLE_DEBUG_INFO = INCLUDE_SOURCE;
				MTL_FAST_MATH = YES;
				ONLY_ACTIVE_ARCH = YES;
				SDKROOT = iphoneos;
				SWIFT_ACTIVE_COMPILATION_CONDITIONS = DEBUG;
				SWIFT_OPTIMIZATION_LEVEL = "-Onone";
			};
			name = Debug;
		};
		846F900C2A5935C800A0A39B /* Release */ = {
			isa = XCBuildConfiguration;
			buildSettings = {
				ALWAYS_SEARCH_USER_PATHS = NO;
				CLANG_ANALYZER_NONNULL = YES;
				CLANG_ANALYZER_NUMBER_OBJECT_CONVERSION = YES_AGGRESSIVE;
				CLANG_CXX_LANGUAGE_STANDARD = "gnu++20";
				CLANG_ENABLE_MODULES = YES;
				CLANG_ENABLE_OBJC_ARC = YES;
				CLANG_ENABLE_OBJC_WEAK = YES;
				CLANG_WARN_BLOCK_CAPTURE_AUTORELEASING = YES;
				CLANG_WARN_BOOL_CONVERSION = YES;
				CLANG_WARN_COMMA = YES;
				CLANG_WARN_CONSTANT_CONVERSION = YES;
				CLANG_WARN_DEPRECATED_OBJC_IMPLEMENTATIONS = YES;
				CLANG_WARN_DIRECT_OBJC_ISA_USAGE = YES_ERROR;
				CLANG_WARN_DOCUMENTATION_COMMENTS = YES;
				CLANG_WARN_EMPTY_BODY = YES;
				CLANG_WARN_ENUM_CONVERSION = YES;
				CLANG_WARN_INFINITE_RECURSION = YES;
				CLANG_WARN_INT_CONVERSION = YES;
				CLANG_WARN_NON_LITERAL_NULL_CONVERSION = YES;
				CLANG_WARN_OBJC_IMPLICIT_RETAIN_SELF = YES;
				CLANG_WARN_OBJC_LITERAL_CONVERSION = YES;
				CLANG_WARN_OBJC_ROOT_CLASS = YES_ERROR;
				CLANG_WARN_QUOTED_INCLUDE_IN_FRAMEWORK_HEADER = YES;
				CLANG_WARN_RANGE_LOOP_ANALYSIS = YES;
				CLANG_WARN_STRICT_PROTOTYPES = YES;
				CLANG_WARN_SUSPICIOUS_MOVE = YES;
				CLANG_WARN_UNGUARDED_AVAILABILITY = YES_AGGRESSIVE;
				CLANG_WARN_UNREACHABLE_CODE = YES;
				CLANG_WARN__DUPLICATE_METHOD_MATCH = YES;
				COPY_PHASE_STRIP = NO;
				DEBUG_INFORMATION_FORMAT = "dwarf-with-dsym";
				ENABLE_NS_ASSERTIONS = NO;
				ENABLE_STRICT_OBJC_MSGSEND = YES;
				GCC_C_LANGUAGE_STANDARD = gnu11;
				GCC_NO_COMMON_BLOCKS = YES;
				GCC_WARN_64_TO_32_BIT_CONVERSION = YES;
				GCC_WARN_ABOUT_RETURN_TYPE = YES_ERROR;
				GCC_WARN_UNDECLARED_SELECTOR = YES;
				GCC_WARN_UNINITIALIZED_AUTOS = YES_AGGRESSIVE;
				GCC_WARN_UNUSED_FUNCTION = YES;
				GCC_WARN_UNUSED_VARIABLE = YES;
				IPHONEOS_DEPLOYMENT_TARGET = 16.4;
				MTL_ENABLE_DEBUG_INFO = NO;
				MTL_FAST_MATH = YES;
				SDKROOT = iphoneos;
				SWIFT_COMPILATION_MODE = wholemodule;
				SWIFT_OPTIMIZATION_LEVEL = "-O";
				VALIDATE_PRODUCT = YES;
			};
			name = Release;
		};
		846F900E2A5935C800A0A39B /* Debug */ = {
			isa = XCBuildConfiguration;
			buildSettings = {
				ASSETCATALOG_COMPILER_APPICON_NAME = AppIcon;
				ASSETCATALOG_COMPILER_GLOBAL_ACCENT_COLOR_NAME = AccentColor;
				CODE_SIGN_STYLE = Automatic;
				CURRENT_PROJECT_VERSION = 1;
				DEVELOPMENT_ASSET_PATHS = "\"ToDoList/Preview Content\"";
				DEVELOPMENT_TEAM = 983MCRXMWH;
				ENABLE_PREVIEWS = YES;
				GENERATE_INFOPLIST_FILE = YES;
				INFOPLIST_KEY_CFBundleDisplayName = "To Do List";
				INFOPLIST_KEY_UIApplicationSceneManifest_Generation = YES;
				INFOPLIST_KEY_UIApplicationSupportsIndirectInputEvents = YES;
				INFOPLIST_KEY_UILaunchScreen_Generation = YES;
				INFOPLIST_KEY_UISupportedInterfaceOrientations = UIInterfaceOrientationPortrait;
				LD_RUNPATH_SEARCH_PATHS = (
					"$(inherited)",
					"@executable_path/Frameworks",
				);
				MARKETING_VERSION = 1.0;
				PRODUCT_BUNDLE_IDENTIFIER = benscobie.ToDoList;
				PRODUCT_NAME = "$(TARGET_NAME)";
				SWIFT_EMIT_LOC_STRINGS = YES;
				SWIFT_VERSION = 5.0;
				TARGETED_DEVICE_FAMILY = "1,2";
			};
			name = Debug;
		};
		846F900F2A5935C800A0A39B /* Release */ = {
			isa = XCBuildConfiguration;
			buildSettings = {
				ASSETCATALOG_COMPILER_APPICON_NAME = AppIcon;
				ASSETCATALOG_COMPILER_GLOBAL_ACCENT_COLOR_NAME = AccentColor;
				CODE_SIGN_STYLE = Automatic;
				CURRENT_PROJECT_VERSION = 1;
				DEVELOPMENT_ASSET_PATHS = "\"ToDoList/Preview Content\"";
				DEVELOPMENT_TEAM = 983MCRXMWH;
				ENABLE_PREVIEWS = YES;
				GENERATE_INFOPLIST_FILE = YES;
				INFOPLIST_KEY_CFBundleDisplayName = "To Do List";
				INFOPLIST_KEY_UIApplicationSceneManifest_Generation = YES;
				INFOPLIST_KEY_UIApplicationSupportsIndirectInputEvents = YES;
				INFOPLIST_KEY_UILaunchScreen_Generation = YES;
				INFOPLIST_KEY_UISupportedInterfaceOrientations = UIInterfaceOrientationPortrait;
				LD_RUNPATH_SEARCH_PATHS = (
					"$(inherited)",
					"@executable_path/Frameworks",
				);
				MARKETING_VERSION = 1.0;
				PRODUCT_BUNDLE_IDENTIFIER = benscobie.ToDoList;
				PRODUCT_NAME = "$(TARGET_NAME)";
				SWIFT_EMIT_LOC_STRINGS = YES;
				SWIFT_VERSION = 5.0;
				TARGETED_DEVICE_FAMILY = "1,2";
			};
			name = Release;
		};
		846F90112A5935C800A0A39B /* Debug */ = {
			isa = XCBuildConfiguration;
			buildSettings = {
				ALWAYS_EMBED_SWIFT_STANDARD_LIBRARIES = YES;
				BUNDLE_LOADER = "$(TEST_HOST)";
				CODE_SIGN_STYLE = Automatic;
				CURRENT_PROJECT_VERSION = 1;
				DEVELOPMENT_TEAM = 983MCRXMWH;
				GENERATE_INFOPLIST_FILE = YES;
				IPHONEOS_DEPLOYMENT_TARGET = 16.4;
				MARKETING_VERSION = 1.0;
				PRODUCT_BUNDLE_IDENTIFIER = benscobie.ToDoListTests;
				PRODUCT_NAME = "$(TARGET_NAME)";
				SWIFT_EMIT_LOC_STRINGS = NO;
				SWIFT_VERSION = 5.0;
				TARGETED_DEVICE_FAMILY = "1,2";
				TEST_HOST = "$(BUILT_PRODUCTS_DIR)/ToDoList.app/$(BUNDLE_EXECUTABLE_FOLDER_PATH)/ToDoList";
			};
			name = Debug;
		};
		846F90122A5935C800A0A39B /* Release */ = {
			isa = XCBuildConfiguration;
			buildSettings = {
				ALWAYS_EMBED_SWIFT_STANDARD_LIBRARIES = YES;
				BUNDLE_LOADER = "$(TEST_HOST)";
				CODE_SIGN_STYLE = Automatic;
				CURRENT_PROJECT_VERSION = 1;
				DEVELOPMENT_TEAM = 983MCRXMWH;
				GENERATE_INFOPLIST_FILE = YES;
				IPHONEOS_DEPLOYMENT_TARGET = 16.4;
				MARKETING_VERSION = 1.0;
				PRODUCT_BUNDLE_IDENTIFIER = benscobie.ToDoListTests;
				PRODUCT_NAME = "$(TARGET_NAME)";
				SWIFT_EMIT_LOC_STRINGS = NO;
				SWIFT_VERSION = 5.0;
				TARGETED_DEVICE_FAMILY = "1,2";
				TEST_HOST = "$(BUILT_PRODUCTS_DIR)/ToDoList.app/$(BUNDLE_EXECUTABLE_FOLDER_PATH)/ToDoList";
			};
			name = Release;
		};
		846F90142A5935C800A0A39B /* Debug */ = {
			isa = XCBuildConfiguration;
			buildSettings = {
				ALWAYS_EMBED_SWIFT_STANDARD_LIBRARIES = YES;
				CODE_SIGN_STYLE = Automatic;
				CURRENT_PROJECT_VERSION = 1;
				DEVELOPMENT_TEAM = 983MCRXMWH;
				GENERATE_INFOPLIST_FILE = YES;
				MARKETING_VERSION = 1.0;
				PRODUCT_BUNDLE_IDENTIFIER = benscobie.ToDoListUITests;
				PRODUCT_NAME = "$(TARGET_NAME)";
				SWIFT_EMIT_LOC_STRINGS = NO;
				SWIFT_VERSION = 5.0;
				TARGETED_DEVICE_FAMILY = "1,2";
				TEST_TARGET_NAME = ToDoList;
			};
			name = Debug;
		};
		846F90152A5935C800A0A39B /* Release */ = {
			isa = XCBuildConfiguration;
			buildSettings = {
				ALWAYS_EMBED_SWIFT_STANDARD_LIBRARIES = YES;
				CODE_SIGN_STYLE = Automatic;
				CURRENT_PROJECT_VERSION = 1;
				DEVELOPMENT_TEAM = 983MCRXMWH;
				GENERATE_INFOPLIST_FILE = YES;
				MARKETING_VERSION = 1.0;
				PRODUCT_BUNDLE_IDENTIFIER = benscobie.ToDoListUITests;
				PRODUCT_NAME = "$(TARGET_NAME)";
				SWIFT_EMIT_LOC_STRINGS = NO;
				SWIFT_VERSION = 5.0;
				TARGETED_DEVICE_FAMILY = "1,2";
				TEST_TARGET_NAME = ToDoList;
			};
			name = Release;
		};
/* End XCBuildConfiguration section */

/* Begin XCConfigurationList section */
		846F8FE42A5935C300A0A39B /* Build configuration list for PBXProject "ToDoList" */ = {
			isa = XCConfigurationList;
			buildConfigurations = (
				846F900B2A5935C800A0A39B /* Debug */,
				846F900C2A5935C800A0A39B /* Release */,
			);
			defaultConfigurationIsVisible = 0;
			defaultConfigurationName = Release;
		};
		846F900D2A5935C800A0A39B /* Build configuration list for PBXNativeTarget "ToDoList" */ = {
			isa = XCConfigurationList;
			buildConfigurations = (
				846F900E2A5935C800A0A39B /* Debug */,
				846F900F2A5935C800A0A39B /* Release */,
			);
			defaultConfigurationIsVisible = 0;
			defaultConfigurationName = Release;
		};
		846F90102A5935C800A0A39B /* Build configuration list for PBXNativeTarget "ToDoListTests" */ = {
			isa = XCConfigurationList;
			buildConfigurations = (
				846F90112A5935C800A0A39B /* Debug */,
				846F90122A5935C800A0A39B /* Release */,
			);
			defaultConfigurationIsVisible = 0;
			defaultConfigurationName = Release;
		};
		846F90132A5935C800A0A39B /* Build configuration list for PBXNativeTarget "ToDoListUITests" */ = {
			isa = XCConfigurationList;
			buildConfigurations = (
				846F90142A5935C800A0A39B /* Debug */,
				846F90152A5935C800A0A39B /* Release */,
			);
			defaultConfigurationIsVisible = 0;
			defaultConfigurationName = Release;
		};
/* End XCConfigurationList section */

/* Begin XCRemoteSwiftPackageReference section */
		846F904C2A593E7500A0A39B /* XCRemoteSwiftPackageReference "firebase-ios-sdk" */ = {
			isa = XCRemoteSwiftPackageReference;
			repositoryURL = "https://github.com/firebase/firebase-ios-sdk";
			requirement = {
				kind = upToNextMajorVersion;
				minimumVersion = 10.0.0;
			};
		};
/* End XCRemoteSwiftPackageReference section */

/* Begin XCSwiftPackageProductDependency section */
		846F904D2A593E7500A0A39B /* FirebaseAuth */ = {
			isa = XCSwiftPackageProductDependency;
			package = 846F904C2A593E7500A0A39B /* XCRemoteSwiftPackageReference "firebase-ios-sdk" */;
			productName = FirebaseAuth;
		};
		846F904F2A593E7500A0A39B /* FirebaseFirestore */ = {
			isa = XCSwiftPackageProductDependency;
			package = 846F904C2A593E7500A0A39B /* XCRemoteSwiftPackageReference "firebase-ios-sdk" */;
			productName = FirebaseFirestore;
		};
		846F90512A593E7500A0A39B /* FirebaseFirestoreSwift */ = {
			isa = XCSwiftPackageProductDependency;
			package = 846F904C2A593E7500A0A39B /* XCRemoteSwiftPackageReference "firebase-ios-sdk" */;
			productName = FirebaseFirestoreSwift;
		};
/* End XCSwiftPackageProductDependency section */
	};
	rootObject = 846F8FE12A5935C300A0A39B /* Project object */;
}
